# This file is autogenerated, do not edit; changes may be undone by the next 'dep ensure'.


[[projects]]
  branch = "master"
  name = "github.com/google/go-querystring"
  packages = ["query"]
  revision = "53e6ce116135b80d037921a7fdd5138cf32d7a8a"

[[projects]]
  branch = "master"
  name = "github.com/hsdp/go-signer"
  packages = ["."]
  revision = "233e399d082805488240e976d0ccc9c85f39d4c8"

[[projects]]
  name = "github.com/jeffail/gabs"
  packages = ["."]
  revision = "2a3aa15961d5fee6047b8151b67ac2f08ba2c48c"
  version = "1.0"

[solve-meta]
  analyzer-name = "dep"
  analyzer-version = 1
  inputs-digest = "d5b3302b89a8dcb2a07a470adfcc0bc6e8ba31e5d8e0b67f20c18a533fc4db08"
  solver-name = "gps-cdcl"
  solver-version = 1
